{
  "name": "stadiaplusdb",
  "version": "1.0.0",
  "lockfileVersion": 2,
  "requires": true,
  "packages": {
    "": {
      "name": "stadiaplusdb",
      "version": "1.0.0",
      "license": "ISC",
      "devDependencies": {
        "prisma": "^3.0.2"
      }
    },
    "node_modules/@prisma/engines": {
      "version": "2.31.0-32.2452cc6313d52b8b9a96999ac0e974d0aedf88db",
      "resolved": "https://registry.npmjs.org/@prisma/engines/-/engines-2.31.0-32.2452cc6313d52b8b9a96999ac0e974d0aedf88db.tgz",
      "integrity": "sha512-Q9CwN6e5E5Abso7J3A1fHbcF4NXGRINyMnf7WQ07fXaebxTTARY5BNUzy2Mo5uH82eRVO5v7ImNuR044KTjLJg==",
      "dev": true,
      "hasInstallScript": true
    },
    "node_modules/prisma": {
      "version": "3.0.2",
      "resolved": "https://registry.npmjs.org/prisma/-/prisma-3.0.2.tgz",
      "integrity": "sha512-TyOCbtWGDVdWvsM1RhUzJXoGClXGalHhyYWIc5eizSF8T1ScGiOa34asBUdTnXOUBFSErbsqMNw40DHAteBm1A==",
      "dev": true,
      "hasInstallScript": true,
      "dependencies": {
        "@prisma/engines": "2.31.0-32.2452cc6313d52b8b9a96999ac0e974d0aedf88db"
      },
      "bin": {
        "prisma": "build/index.js",
        "prisma2": "build/index.js"
      },
      "engines": {
        "node": ">=12.6"
      }
    }
  },
  "dependencies": {
    "@prisma/engines": {
      "version": "2.31.0-32.2452cc6313d52b8b9a96999ac0e974d0aedf88db",
      "resolved": "https://registry.npmjs.org/@prisma/engines/-/engines-2.31.0-32.2452cc6313d52b8b9a96999ac0e974d0aedf88db.tgz",
      "integrity": "sha512-Q9CwN6e5E5Abso7J3A1fHbcF4NXGRINyMnf7WQ07fXaebxTTARY5BNUzy2Mo5uH82eRVO5v7ImNuR044KTjLJg==",
      "dev": true
    },
    "prisma": {
      "version": "3.0.2",
      "resolved": "https://registry.npmjs.org/prisma/-/prisma-3.0.2.tgz",
      "integrity": "sha512-TyOCbtWGDVdWvsM1RhUzJXoGClXGalHhyYWIc5eizSF8T1ScGiOa34asBUdTnXOUBFSErbsqMNw40DHAteBm1A==",
      "dev": true,
      "requires": {
        "@prisma/engines": "2.31.0-32.2452cc6313d52b8b9a96999ac0e974d0aedf88db"
      }
    }
  }
}
